
Microsoft Visual Studio Solution File, Format Version 12.00
# Visual Studio Version 16
VisualStudioVersion = 16.0.30621.155
MinimumVisualStudioVersion = 10.0.40219.1
Project("{FAE04EC0-301F-11D3-BF4B-00C04F79EFBC}") = "Week1Challenges", "Week1Challenges\Week1Challenges.csproj", "{E43D2159-5FED-4129-9D84-C826DAC50B32}"
EndProject
Global
	GlobalSection(SolutionConfigurationPlatforms) = preSolution
		Debug|Any CPU = Debug|Any CPU
		Release|Any CPU = Release|Any CPU
	EndGlobalSection
	GlobalSection(ProjectConfigurationPlatforms) = postSolution
		{E43D2159-5FED-4129-9D84-C826DAC50B32}.Debug|Any CPU.ActiveCfg = Debug|Any CPU
		{E43D2159-5FED-4129-9D84-C826DAC50B32}.Debug|Any CPU.Build.0 = Debug|Any CPU
		{E43D2159-5FED-4129-9D84-C826DAC50B32}.Release|Any CPU.ActiveCfg = Release|Any CPU
		{E43D2159-5FED-4129-9D84-C826DAC50B32}.Release|Any CPU.Build.0 = Release|Any CPU
	EndGlobalSection
	GlobalSection(SolutionProperties) = preSolution
		HideSolutionNode = FALSE
	EndGlobalSection
	GlobalSection(ExtensibilityGlobals) = postSolution
		SolutionGuid = {88A67B2C-9199-4BB3-992B-17307B88050C}
	EndGlobalSection
EndGlobal
